
Microsoft Visual Studio Solution File, Format Version 12.00
# Visual Studio Version 17
VisualStudioVersion = 17.9.34622.214
MinimumVisualStudioVersion = 10.0.40219.1
Project("{00D1A9C2-B5F0-4AF3-8072-F6C62B433612}") = "Carros", "Carros\Carros.sqlproj", "{C6BE9DEB-9EDE-44E3-9AEB-F02D36E3C119}"
EndProject
Global
	GlobalSection(SolutionConfigurationPlatforms) = preSolution
		Debug|Any CPU = Debug|Any CPU
		Release|Any CPU = Release|Any CPU
	EndGlobalSection
	GlobalSection(ProjectConfigurationPlatforms) = postSolution
		{C6BE9DEB-9EDE-44E3-9AEB-F02D36E3C119}.Debug|Any CPU.ActiveCfg = Debug|Any CPU
		{C6BE9DEB-9EDE-44E3-9AEB-F02D36E3C119}.Debug|Any CPU.Build.0 = Debug|Any CPU
		{C6BE9DEB-9EDE-44E3-9AEB-F02D36E3C119}.Debug|Any CPU.Deploy.0 = Debug|Any CPU
		{C6BE9DEB-9EDE-44E3-9AEB-F02D36E3C119}.Release|Any CPU.ActiveCfg = Release|Any CPU
		{C6BE9DEB-9EDE-44E3-9AEB-F02D36E3C119}.Release|Any CPU.Build.0 = Release|Any CPU
		{C6BE9DEB-9EDE-44E3-9AEB-F02D36E3C119}.Release|Any CPU.Deploy.0 = Release|Any CPU
	EndGlobalSection
	GlobalSection(SolutionProperties) = preSolution
		HideSolutionNode = FALSE
	EndGlobalSection
	GlobalSection(ExtensibilityGlobals) = postSolution
		SolutionGuid = {52BD7597-B0D0-4CF1-9535-96801AE0D9B6}
	EndGlobalSection
EndGlobal
